
Microsoft Visual Studio Solution File, Format Version 12.00
# Visual Studio Version 16
VisualStudioVersion = 16.0.30114.105
MinimumVisualStudioVersion = 10.0.40219.1
Project("{FAE04EC0-301F-11D3-BF4B-00C04F79EFBC}") = "HidingPrac", "HidingPrac\HidingPrac.csproj", "{E1B087CF-5546-42E7-A1F1-F7F841AC04A4}"
EndProject
Global
	GlobalSection(SolutionConfigurationPlatforms) = preSolution
		Debug|Any CPU = Debug|Any CPU
		Release|Any CPU = Release|Any CPU
	EndGlobalSection
	GlobalSection(ProjectConfigurationPlatforms) = postSolution
		{E1B087CF-5546-42E7-A1F1-F7F841AC04A4}.Debug|Any CPU.ActiveCfg = Debug|Any CPU
		{E1B087CF-5546-42E7-A1F1-F7F841AC04A4}.Debug|Any CPU.Build.0 = Debug|Any CPU
		{E1B087CF-5546-42E7-A1F1-F7F841AC04A4}.Release|Any CPU.ActiveCfg = Release|Any CPU
		{E1B087CF-5546-42E7-A1F1-F7F841AC04A4}.Release|Any CPU.Build.0 = Release|Any CPU
	EndGlobalSection
	GlobalSection(SolutionProperties) = preSolution
		HideSolutionNode = FALSE
	EndGlobalSection
	GlobalSection(ExtensibilityGlobals) = postSolution
		SolutionGuid = {D6224580-F6F2-472B-A203-91CF8A4E10FF}
	EndGlobalSection
EndGlobal
